<?xml version="1.0" encoding="UTF-8" standalone="yes" ?>
<CodeBlocks_project_file>
	<FileVersion major="1" minor="6" />
	<Project>
		<Option title="Space Meteors" />
		<Option pch_mode="2" />
		<Option compiler="gcc" />
		<Build>
			<Target title="Debug">
				<Option output="bin/Debug/Test" prefix_auto="1" extension_auto="1" />
				<Option object_output="obj/Debug/" />
				<Option type="1" />
				<Option compiler="gcc" />
				<Compiler>
					<Add option="-g" />
					<Add directory="../deps/include/SDL" />
				</Compiler>
				<Linker>
					<Add library="mingw32" />
					<Add library="libSDL2main" />
					<Add library="libSDL2" />
					<Add library="libSDL2_image" />
					<Add library="libSDL2_mixer" />
					<Add library="libSDL2_ttf" />
					<Add directory="../deps/lib" />
				</Linker>
			</Target>
			<Target title="Release">
				<Option output="bin/Release/Test" prefix_auto="1" extension_auto="1" />
				<Option object_output="obj/Release/" />
				<Option type="1" />
				<Option compiler="gcc" />
				<Compiler>
					<Add option="-O2" />
				</Compiler>
				<Linker>
					<Add option="-s" />
				</Linker>
			</Target>
		</Build>
		<Compiler>
			<Add option="-Wall" />
		</Compiler>
		<Unit filename="Asteroid_Belt.cpp" />
		<Unit filename="Asteroid_Belt.h" />
		<Unit filename="PICT.JPG" />
		<Unit filename="SDL_Create.cpp" />
		<Unit filename="SDL_Create.h" />
		<Unit filename="arma.cpp" />
		<Unit filename="arma.h" />
		<Unit filename="gameboard.cpp" />
		<Unit filename="gameboard.h" />
		<Unit filename="main.cpp" />
		<Unit filename="meteors.cpp" />
		<Unit filename="meteors.h" />
		<Unit filename="nave.cpp" />
		<Unit filename="nave.h" />
		<Extensions>
			<code_completion />
			<envvars />
			<debugger />
			<lib_finder disable_auto="1" />
		</Extensions>
	</Project>
</CodeBlocks_project_file>
